
Microsoft Visual Studio Solution File, Format Version 12.00
# Visual Studio 15
VisualStudioVersion = 15.0.27703.2047
MinimumVisualStudioVersion = 10.0.40219.1
Project("{FAE04EC0-301F-11D3-BF4B-00C04F79EFBC}") = "Encryption.Asymmetric", "Encryption.Asymmetric\Encryption.Asymmetric.csproj", "{F7CF8D31-3A38-47A5-A8E2-85F78A5EEA1A}"
EndProject
Project("{FAE04EC0-301F-11D3-BF4B-00C04F79EFBC}") = "Encryption.Asymmetric.Tests", "Encryption.Asymmetric.Tests\Encryption.Asymmetric.Tests.csproj", "{9B62B5ED-0340-413B-9DB1-B77446B3C1C5}"
EndProject
Global
	GlobalSection(SolutionConfigurationPlatforms) = preSolution
		Debug|Any CPU = Debug|Any CPU
		Release|Any CPU = Release|Any CPU
	EndGlobalSection
	GlobalSection(ProjectConfigurationPlatforms) = postSolution
		{F7CF8D31-3A38-47A5-A8E2-85F78A5EEA1A}.Debug|Any CPU.ActiveCfg = Debug|Any CPU
		{F7CF8D31-3A38-47A5-A8E2-85F78A5EEA1A}.Debug|Any CPU.Build.0 = Debug|Any CPU
		{F7CF8D31-3A38-47A5-A8E2-85F78A5EEA1A}.Release|Any CPU.ActiveCfg = Release|Any CPU
		{F7CF8D31-3A38-47A5-A8E2-85F78A5EEA1A}.Release|Any CPU.Build.0 = Release|Any CPU
		{9B62B5ED-0340-413B-9DB1-B77446B3C1C5}.Debug|Any CPU.ActiveCfg = Debug|Any CPU
		{9B62B5ED-0340-413B-9DB1-B77446B3C1C5}.Debug|Any CPU.Build.0 = Debug|Any CPU
		{9B62B5ED-0340-413B-9DB1-B77446B3C1C5}.Release|Any CPU.ActiveCfg = Release|Any CPU
		{9B62B5ED-0340-413B-9DB1-B77446B3C1C5}.Release|Any CPU.Build.0 = Release|Any CPU
	EndGlobalSection
	GlobalSection(SolutionProperties) = preSolution
		HideSolutionNode = FALSE
	EndGlobalSection
	GlobalSection(ExtensibilityGlobals) = postSolution
		SolutionGuid = {4F5FB197-E896-48CC-ABC1-FD1D7C0E11F4}
	EndGlobalSection
EndGlobal
